
Microsoft Visual Studio Solution File, Format Version 12.00
# Visual Studio Version 16
VisualStudioVersion = 16.0.30907.101
MinimumVisualStudioVersion = 10.0.40219.1
Project("{2150E333-8FDC-42A3-9474-1A3956D46DE8}") = "Services", "Services", "{571DC6B2-7C8D-4750-B41F-0034CC18EDEC}"
EndProject
Project("{2150E333-8FDC-42A3-9474-1A3956D46DE8}") = "Catalog", "Catalog", "{C8536AEC-CBE3-4B71-BDB9-4FE74C8788A5}"
EndProject
Project("{9A19103F-16F7-4668-BE54-9A1E7A4F7556}") = "Catalog.API", "Services\Catalog\Catalog.API\Catalog.API.csproj", "{E11B371D-0CFA-40A2-99E4-6184FECFBCA2}"
EndProject
Project("{E53339B2-1760-4266-BCC7-CA923CBCF16C}") = "docker-compose", "docker-compose.dcproj", "{BF9186D5-D30D-4D0D-AE8D-C42DA2E85838}"
EndProject
Project("{2150E333-8FDC-42A3-9474-1A3956D46DE8}") = "Basket", "Basket", "{CD3BCBE5-4983-4F94-8E5A-771F233AD397}"
EndProject
Project("{9A19103F-16F7-4668-BE54-9A1E7A4F7556}") = "Basket.API", "Services\Basket\Basket.API\Basket.API.csproj", "{DFAAFA1B-0010-4307-A23C-2D0F73D1AF3E}"
EndProject
Project("{2150E333-8FDC-42A3-9474-1A3956D46DE8}") = "Discount", "Discount", "{05732C4C-8D19-4A20-A542-9C8ED55A9227}"
EndProject
Project("{FAE04EC0-301F-11D3-BF4B-00C04F79EFBC}") = "Discount.API", "Services\Discount\Discount.API\Discount.API.csproj", "{4A2BDBCD-291A-495B-9A17-749042222E93}"
EndProject
Global
	GlobalSection(SolutionConfigurationPlatforms) = preSolution
		Debug|Any CPU = Debug|Any CPU
		Release|Any CPU = Release|Any CPU
	EndGlobalSection
	GlobalSection(ProjectConfigurationPlatforms) = postSolution
		{E11B371D-0CFA-40A2-99E4-6184FECFBCA2}.Debug|Any CPU.ActiveCfg = Debug|Any CPU
		{E11B371D-0CFA-40A2-99E4-6184FECFBCA2}.Debug|Any CPU.Build.0 = Debug|Any CPU
		{E11B371D-0CFA-40A2-99E4-6184FECFBCA2}.Release|Any CPU.ActiveCfg = Release|Any CPU
		{E11B371D-0CFA-40A2-99E4-6184FECFBCA2}.Release|Any CPU.Build.0 = Release|Any CPU
		{BF9186D5-D30D-4D0D-AE8D-C42DA2E85838}.Debug|Any CPU.ActiveCfg = Debug|Any CPU
		{BF9186D5-D30D-4D0D-AE8D-C42DA2E85838}.Debug|Any CPU.Build.0 = Debug|Any CPU
		{BF9186D5-D30D-4D0D-AE8D-C42DA2E85838}.Release|Any CPU.ActiveCfg = Release|Any CPU
		{BF9186D5-D30D-4D0D-AE8D-C42DA2E85838}.Release|Any CPU.Build.0 = Release|Any CPU
		{DFAAFA1B-0010-4307-A23C-2D0F73D1AF3E}.Debug|Any CPU.ActiveCfg = Debug|Any CPU
		{DFAAFA1B-0010-4307-A23C-2D0F73D1AF3E}.Debug|Any CPU.Build.0 = Debug|Any CPU
		{DFAAFA1B-0010-4307-A23C-2D0F73D1AF3E}.Release|Any CPU.ActiveCfg = Release|Any CPU
		{DFAAFA1B-0010-4307-A23C-2D0F73D1AF3E}.Release|Any CPU.Build.0 = Release|Any CPU
		{4A2BDBCD-291A-495B-9A17-749042222E93}.Debug|Any CPU.ActiveCfg = Debug|Any CPU
		{4A2BDBCD-291A-495B-9A17-749042222E93}.Debug|Any CPU.Build.0 = Debug|Any CPU
		{4A2BDBCD-291A-495B-9A17-749042222E93}.Release|Any CPU.ActiveCfg = Release|Any CPU
		{4A2BDBCD-291A-495B-9A17-749042222E93}.Release|Any CPU.Build.0 = Release|Any CPU
	EndGlobalSection
	GlobalSection(SolutionProperties) = preSolution
		HideSolutionNode = FALSE
	EndGlobalSection
	GlobalSection(NestedProjects) = preSolution
		{C8536AEC-CBE3-4B71-BDB9-4FE74C8788A5} = {571DC6B2-7C8D-4750-B41F-0034CC18EDEC}
		{E11B371D-0CFA-40A2-99E4-6184FECFBCA2} = {C8536AEC-CBE3-4B71-BDB9-4FE74C8788A5}
		{CD3BCBE5-4983-4F94-8E5A-771F233AD397} = {571DC6B2-7C8D-4750-B41F-0034CC18EDEC}
		{DFAAFA1B-0010-4307-A23C-2D0F73D1AF3E} = {CD3BCBE5-4983-4F94-8E5A-771F233AD397}
		{05732C4C-8D19-4A20-A542-9C8ED55A9227} = {571DC6B2-7C8D-4750-B41F-0034CC18EDEC}
		{4A2BDBCD-291A-495B-9A17-749042222E93} = {05732C4C-8D19-4A20-A542-9C8ED55A9227}
	EndGlobalSection
	GlobalSection(ExtensibilityGlobals) = postSolution
		SolutionGuid = {FFB7C5B4-3F25-4C43-BAE7-33C5510DFB15}
	EndGlobalSection
EndGlobal
